
Microsoft Visual Studio Solution File, Format Version 12.00
# Visual Studio Version 16
VisualStudioVersion = 16.0.30503.244
MinimumVisualStudioVersion = 10.0.40219.1
Project("{FAE04EC0-301F-11D3-BF4B-00C04F79EFBC}") = "KinneretRestaurant", "KinneretRestaurant\KinneretRestaurant.csproj", "{90525E12-CED4-425B-B06A-ECCF403C941A}"
EndProject
Global
	GlobalSection(SolutionConfigurationPlatforms) = preSolution
		Debug|Any CPU = Debug|Any CPU
		Release|Any CPU = Release|Any CPU
	EndGlobalSection
	GlobalSection(ProjectConfigurationPlatforms) = postSolution
		{90525E12-CED4-425B-B06A-ECCF403C941A}.Debug|Any CPU.ActiveCfg = Debug|Any CPU
		{90525E12-CED4-425B-B06A-ECCF403C941A}.Debug|Any CPU.Build.0 = Debug|Any CPU
		{90525E12-CED4-425B-B06A-ECCF403C941A}.Release|Any CPU.ActiveCfg = Release|Any CPU
		{90525E12-CED4-425B-B06A-ECCF403C941A}.Release|Any CPU.Build.0 = Release|Any CPU
	EndGlobalSection
	GlobalSection(SolutionProperties) = preSolution
		HideSolutionNode = FALSE
	EndGlobalSection
	GlobalSection(ExtensibilityGlobals) = postSolution
		SolutionGuid = {8B3458C6-D141-4E74-938B-BAC9FC7E0B3A}
	EndGlobalSection
EndGlobal
